{
  "schema_version": "1.1",
  "scope": "public-repository-integration-metadata",
  "generated_at": "2026-08-09",
  "note": "Portable metadata only. Machine-specific binary paths, credentials, caches, and database locations are intentionally excluded.",
  "tools": {
    "gitleaks": {"version": "8.30.1", "repository": "https://github.com/gitleaks/gitleaks", "license": "MIT", "integration": "external-cli", "bundled": false, "modified": false, "attribution_required": true, "notice_required": true, "status": "verified-local-install"},
    "trufflehog": {"version": "3.96.0", "repository": "https://github.com/trufflesecurity/trufflehog", "license": "AGPL-3.0-only", "integration": "external-cli", "bundled": false, "modified": false, "attribution_required": true, "notice_required": true, "status": "verified-local-install"},
    "semgrep": {"version": "1.172.0", "repository": "https://github.com/semgrep/semgrep", "license": "LGPL-2.1-only", "integration": "external-cli", "bundled": false, "modified": false, "attribution_required": true, "notice_required": true, "status": "verified-local-install"},
    "trivy": {"version": "0.73.0", "repository": "https://github.com/aquasecurity/trivy", "license": "Apache-2.0", "integration": "external-cli", "bundled": false, "modified": false, "attribution_required": true, "notice_required": true, "status": "verified-local-install"},
    "osv-scanner": {"version": "2.5.0", "repository": "https://github.com/google/osv-scanner", "license": "Apache-2.0", "integration": "external-cli", "bundled": false, "modified": false, "attribution_required": true, "notice_required": true, "status": "verified-local-install"},
    "checkov": {"version": "3.3.0", "repository": "https://github.com/bridgecrewio/checkov", "license": "Apache-2.0", "integration": "external-cli", "bundled": false, "modified": false, "attribution_required": true, "notice_required": true, "status": "verified-local-install"},
    "owasp-zap": {"version": "2.17.0", "repository": "https://github.com/zaproxy/zaproxy", "license": "Apache-2.0", "integration": "external-application", "bundled": false, "modified": false, "attribution_required": true, "notice_required": true, "status": "verified-local-install"},
    "nuclei": {"version": "3.11.1", "repository": "https://github.com/projectdiscovery/nuclei", "license": "MIT", "integration": "external-cli", "bundled": false, "modified": false, "attribution_required": true, "notice_required": true, "status": "verified-local-install"}
  },
  "optional_tools": {
    "strix": {"version": null, "repository": "https://github.com/usestrix/strix", "license": "Apache-2.0", "integration": "optional-agent-skill", "bundled": false, "modified": false, "attribution_required": true, "notice_required": true, "commit": "ae07af61597041951d2116f108fb72bae4967caf", "status": "optional-not-installed"}
  },
  "components": {
    "security-orchestrator": {"version": "1.0.0", "integration": "project-source", "bundled": true, "modified": false, "status": "alpha"}
  }
}
